
Microsoft Visual Studio Solution File, Format Version 12.00
# Visual Studio Version 16
VisualStudioVersion = 16.0.30114.105
MinimumVisualStudioVersion = 10.0.40219.1
Project("{FAE04EC0-301F-11D3-BF4B-00C04F79EFBC}") = "API", "API\API.csproj", "{852EAC7E-6A19-4E8C-8381-AD52ADD7661D}"
EndProject
Project("{FAE04EC0-301F-11D3-BF4B-00C04F79EFBC}") = "Application", "Application\Application.csproj", "{76CF59AC-434F-4E8C-BCC3-04F19575DBFC}"
EndProject
Project("{FAE04EC0-301F-11D3-BF4B-00C04F79EFBC}") = "Persistence", "Persistence\Persistence.csproj", "{6FAFC262-6D82-4BB5-8FA8-4C190BF9A068}"
EndProject
Project("{FAE04EC0-301F-11D3-BF4B-00C04F79EFBC}") = "Domain", "Domain\Domain.csproj", "{60B7C03F-E86F-4822-965C-2D4361525347}"
EndProject
Global
	GlobalSection(SolutionConfigurationPlatforms) = preSolution
		Debug|Any CPU = Debug|Any CPU
		Debug|x64 = Debug|x64
		Debug|x86 = Debug|x86
		Release|Any CPU = Release|Any CPU
		Release|x64 = Release|x64
		Release|x86 = Release|x86
	EndGlobalSection
	GlobalSection(SolutionProperties) = preSolution
		HideSolutionNode = FALSE
	EndGlobalSection
	GlobalSection(ProjectConfigurationPlatforms) = postSolution
		{852EAC7E-6A19-4E8C-8381-AD52ADD7661D}.Debug|Any CPU.ActiveCfg = Debug|Any CPU
		{852EAC7E-6A19-4E8C-8381-AD52ADD7661D}.Debug|Any CPU.Build.0 = Debug|Any CPU
		{852EAC7E-6A19-4E8C-8381-AD52ADD7661D}.Debug|x64.ActiveCfg = Debug|Any CPU
		{852EAC7E-6A19-4E8C-8381-AD52ADD7661D}.Debug|x64.Build.0 = Debug|Any CPU
		{852EAC7E-6A19-4E8C-8381-AD52ADD7661D}.Debug|x86.ActiveCfg = Debug|Any CPU
		{852EAC7E-6A19-4E8C-8381-AD52ADD7661D}.Debug|x86.Build.0 = Debug|Any CPU
		{852EAC7E-6A19-4E8C-8381-AD52ADD7661D}.Release|Any CPU.ActiveCfg = Release|Any CPU
		{852EAC7E-6A19-4E8C-8381-AD52ADD7661D}.Release|Any CPU.Build.0 = Release|Any CPU
		{852EAC7E-6A19-4E8C-8381-AD52ADD7661D}.Release|x64.ActiveCfg = Release|Any CPU
		{852EAC7E-6A19-4E8C-8381-AD52ADD7661D}.Release|x64.Build.0 = Release|Any CPU
		{852EAC7E-6A19-4E8C-8381-AD52ADD7661D}.Release|x86.ActiveCfg = Release|Any CPU
		{852EAC7E-6A19-4E8C-8381-AD52ADD7661D}.Release|x86.Build.0 = Release|Any CPU
		{76CF59AC-434F-4E8C-BCC3-04F19575DBFC}.Debug|Any CPU.ActiveCfg = Debug|Any CPU
		{76CF59AC-434F-4E8C-BCC3-04F19575DBFC}.Debug|Any CPU.Build.0 = Debug|Any CPU
		{76CF59AC-434F-4E8C-BCC3-04F19575DBFC}.Debug|x64.ActiveCfg = Debug|Any CPU
		{76CF59AC-434F-4E8C-BCC3-04F19575DBFC}.Debug|x64.Build.0 = Debug|Any CPU
		{76CF59AC-434F-4E8C-BCC3-04F19575DBFC}.Debug|x86.ActiveCfg = Debug|Any CPU
		{76CF59AC-434F-4E8C-BCC3-04F19575DBFC}.Debug|x86.Build.0 = Debug|Any CPU
		{76CF59AC-434F-4E8C-BCC3-04F19575DBFC}.Release|Any CPU.ActiveCfg = Release|Any CPU
		{76CF59AC-434F-4E8C-BCC3-04F19575DBFC}.Release|Any CPU.Build.0 = Release|Any CPU
		{76CF59AC-434F-4E8C-BCC3-04F19575DBFC}.Release|x64.ActiveCfg = Release|Any CPU
		{76CF59AC-434F-4E8C-BCC3-04F19575DBFC}.Release|x64.Build.0 = Release|Any CPU
		{76CF59AC-434F-4E8C-BCC3-04F19575DBFC}.Release|x86.ActiveCfg = Release|Any CPU
		{76CF59AC-434F-4E8C-BCC3-04F19575DBFC}.Release|x86.Build.0 = Release|Any CPU
		{6FAFC262-6D82-4BB5-8FA8-4C190BF9A068}.Debug|Any CPU.ActiveCfg = Debug|Any CPU
		{6FAFC262-6D82-4BB5-8FA8-4C190BF9A068}.Debug|Any CPU.Build.0 = Debug|Any CPU
		{6FAFC262-6D82-4BB5-8FA8-4C190BF9A068}.Debug|x64.ActiveCfg = Debug|Any CPU
		{6FAFC262-6D82-4BB5-8FA8-4C190BF9A068}.Debug|x64.Build.0 = Debug|Any CPU
		{6FAFC262-6D82-4BB5-8FA8-4C190BF9A068}.Debug|x86.ActiveCfg = Debug|Any CPU
		{6FAFC262-6D82-4BB5-8FA8-4C190BF9A068}.Debug|x86.Build.0 = Debug|Any CPU
		{6FAFC262-6D82-4BB5-8FA8-4C190BF9A068}.Release|Any CPU.ActiveCfg = Release|Any CPU
		{6FAFC262-6D82-4BB5-8FA8-4C190BF9A068}.Release|Any CPU.Build.0 = Release|Any CPU
		{6FAFC262-6D82-4BB5-8FA8-4C190BF9A068}.Release|x64.ActiveCfg = Release|Any CPU
		{6FAFC262-6D82-4BB5-8FA8-4C190BF9A068}.Release|x64.Build.0 = Release|Any CPU
		{6FAFC262-6D82-4BB5-8FA8-4C190BF9A068}.Release|x86.ActiveCfg = Release|Any CPU
		{6FAFC262-6D82-4BB5-8FA8-4C190BF9A068}.Release|x86.Build.0 = Release|Any CPU
		{60B7C03F-E86F-4822-965C-2D4361525347}.Debug|Any CPU.ActiveCfg = Debug|Any CPU
		{60B7C03F-E86F-4822-965C-2D4361525347}.Debug|Any CPU.Build.0 = Debug|Any CPU
		{60B7C03F-E86F-4822-965C-2D4361525347}.Debug|x64.ActiveCfg = Debug|Any CPU
		{60B7C03F-E86F-4822-965C-2D4361525347}.Debug|x64.Build.0 = Debug|Any CPU
		{60B7C03F-E86F-4822-965C-2D4361525347}.Debug|x86.ActiveCfg = Debug|Any CPU
		{60B7C03F-E86F-4822-965C-2D4361525347}.Debug|x86.Build.0 = Debug|Any CPU
		{60B7C03F-E86F-4822-965C-2D4361525347}.Release|Any CPU.ActiveCfg = Release|Any CPU
		{60B7C03F-E86F-4822-965C-2D4361525347}.Release|Any CPU.Build.0 = Release|Any CPU
		{60B7C03F-E86F-4822-965C-2D4361525347}.Release|x64.ActiveCfg = Release|Any CPU
		{60B7C03F-E86F-4822-965C-2D4361525347}.Release|x64.Build.0 = Release|Any CPU
		{60B7C03F-E86F-4822-965C-2D4361525347}.Release|x86.ActiveCfg = Release|Any CPU
		{60B7C03F-E86F-4822-965C-2D4361525347}.Release|x86.Build.0 = Release|Any CPU
	EndGlobalSection
EndGlobal
